schema: '2.0'
stages:
  prepare:
    cmd: python src/prepare.py
    deps:
    - path: data/raw/green
      hash: md5
      md5: 7a7933751742aa166d20d725dc78a769.dir
      size: 88970677
      nfiles: 1931
    - path: src/prepare.py
      hash: md5
      md5: 06b9c6b375495b94d537d44a4522c400
      size: 3817
    params:
      params.yaml:
        dataset: green
        prepare:
          max_side: 1920
          jpeg_quality: 95
    outs:
    - path: data/prepared
      hash: md5
      md5: 1f05a84887a4edfea5f582a806df2e5a.dir
      size: 88970087
      nfiles: 1931
    - path: metrics/data_stats.json
      hash: md5
      md5: 8535ab16355326b1d95b026d91b39e22
      size: 243
  train:
    cmd: python src/train.py
    deps:
    - path: data/prepared
      hash: md5
      md5: 1f05a84887a4edfea5f582a806df2e5a.dir
      size: 88970087
      nfiles: 1931
    - path: models/released/green_yolo26n.pt
      hash: md5
      md5: 48bc846ea4bcb3701b5fe4fed0e2ef92
      size: 5456389
    - path: src/device.py
      hash: md5
      md5: 803e19a8d1353396e0678997f30847b2
      size: 250
    - path: src/train.py
      hash: md5
      md5: 210b7fd5e365c24a6c7286d1c2143f13
      size: 1746
    params:
      params.yaml:
        dataset: green
        train:
          mode: released
          base_model: yolo26n.pt
          epochs: 100
          imgsz: 1280
          batch: 16
          seed: 0
    outs:
    - path: models/model.pt
      hash: md5
      md5: 48bc846ea4bcb3701b5fe4fed0e2ef92
      size: 5456389
  evaluate:
    cmd: python src/evaluate.py
    deps:
    - path: data/prepared
      hash: md5
      md5: 1f05a84887a4edfea5f582a806df2e5a.dir
      size: 88970087
      nfiles: 1931
    - path: models/model.pt
      hash: md5
      md5: 48bc846ea4bcb3701b5fe4fed0e2ef92
      size: 5456389
    - path: src/device.py
      hash: md5
      md5: 803e19a8d1353396e0678997f30847b2
      size: 250
    - path: src/evaluate.py
      hash: md5
      md5: 4ce39c3a902520dc243cee3480c953ee
      size: 2695
    params:
      params.yaml:
        evaluate:
          imgsz: 1280
          conf: 0.25
          batch: 16
    outs:
    - path: metrics/metrics.json
      hash: md5
      md5: 72fc3ab92fd93e3826c7c339311deed5
      size: 376
    - path: metrics/plots
      hash: md5
      md5: 705408662fdf384c10af419582bf8a81.dir
      size: 242511
      nfiles: 3
