schema: '2.0'
stages:
  prepare:
    cmd: python src/prepare.py
    deps:
    - path: data/raw/red
      hash: md5
      md5: b452f8f1b6647097a534c5942772c2e8.dir
      size: 234929614
      nfiles: 3497
    - path: src/prepare.py
      hash: md5
      md5: 06b9c6b375495b94d537d44a4522c400
      size: 3817
    params:
      params.yaml:
        dataset: red
        prepare:
          max_side: 1920
          jpeg_quality: 95
    outs:
    - path: data/prepared
      hash: md5
      md5: c68c90a26ee66ada84deb98b4bb143cb.dir
      size: 234928592
      nfiles: 3497
    - path: metrics/data_stats.json
      hash: md5
      md5: bbcb1ace18f95a441465e9eef9676b83
      size: 244
  train:
    cmd: python src/train.py
    deps:
    - path: data/prepared
      hash: md5
      md5: c68c90a26ee66ada84deb98b4bb143cb.dir
      size: 234928592
      nfiles: 3497
    - path: models/released/red_yolo26n.pt
      hash: md5
      md5: e1e98158284ad63aa0298cfb721f108e
      size: 5456389
    - path: src/train.py
      hash: md5
      md5: 3b54be6bf48d94cccc395128cd57b75c
      size: 1699
    params:
      params.yaml:
        dataset: red
        train:
          mode: released
          base_model: yolo26n.pt
          epochs: 100
          imgsz: 1280
          batch: 16
          seed: 0
    outs:
    - path: models/model.pt
      hash: md5
      md5: e1e98158284ad63aa0298cfb721f108e
      size: 5456389
  evaluate:
    cmd: python src/evaluate.py
    deps:
    - path: data/prepared
      hash: md5
      md5: c68c90a26ee66ada84deb98b4bb143cb.dir
      size: 234928592
      nfiles: 3497
    - path: models/model.pt
      hash: md5
      md5: e1e98158284ad63aa0298cfb721f108e
      size: 5456389
    - path: src/evaluate.py
      hash: md5
      md5: 9bd1071958f4eb003d240c5dff5f0465
      size: 2626
    params:
      params.yaml:
        evaluate:
          imgsz: 1280
          conf: 0.25
          batch: 16
    outs:
    - path: metrics/metrics.json
      hash: md5
      md5: cbbac0101bc6cb71c22e322c46ccab0f
      size: 378
    - path: metrics/plots
      hash: md5
      md5: 47f86226d2e7f7edc4d0a5f26466d6f7.dir
      size: 241422
      nfiles: 3
